// !$*UTF8*$!
{
	archiveVersion = 1;
	classes = {
	};
	objectVersion = 50;
	objects = {

/* Begin PBXBuildFile section */
		3B03AD9524AADA5700D57E96 /* Tests_iOS.swift in Sources */ = {isa = PBXBuildFile; fileRef = 3B03AD9424AADA5700D57E96 /* Tests_iOS.swift */; };
		3B03ADA024AADA5700D57E96 /* Tests_macOS.swift in Sources */ = {isa = PBXBuildFile; fileRef = 3B03AD9F24AADA5700D57E96 /* Tests_macOS.swift */; };
		3B03ADA224AADA5700D57E96 /* LandmarksApp.swift in Sources */ = {isa = PBXBuildFile; fileRef = 3B03AD7924AADA5600D57E96 /* LandmarksApp.swift */; };
		3B03ADA324AADA5700D57E96 /* LandmarksApp.swift in Sources */ = {isa = PBXBuildFile; fileRef = 3B03AD7924AADA5600D57E96 /* LandmarksApp.swift */; };
		3B03ADA424AADA5700D57E96 /* LandmarkDetail.swift in Sources */ = {isa = PBXBuildFile; fileRef = 3B03AD7A24AADA5600D57E96 /* LandmarkDetail.swift */; };
		3B03ADA524AADA5700D57E96 /* LandmarkDetail.swift in Sources */ = {isa = PBXBuildFile; fileRef = 3B03AD7A24AADA5600D57E96 /* LandmarkDetail.swift */; };
		3B03ADA624AADA5700D57E96 /* Assets.xcassets in Resources */ = {isa = PBXBuildFile; fileRef = 3B03AD7B24AADA5700D57E96 /* Assets.xcassets */; };
		3B03ADA724AADA5700D57E96 /* Assets.xcassets in Resources */ = {isa = PBXBuildFile; fileRef = 3B03AD7B24AADA5700D57E96 /* Assets.xcassets */; };
		3B03ADB724AADC6A00D57E96 /* CircleImage.swift in Sources */ = {isa = PBXBuildFile; fileRef = 3B03ADB624AADC6A00D57E96 /* CircleImage.swift */; };
		3B03ADB824AADC6A00D57E96 /* CircleImage.swift in Sources */ = {isa = PBXBuildFile; fileRef = 3B03ADB624AADC6A00D57E96 /* CircleImage.swift */; };
		3B03ADBA24AADD6E00D57E96 /* MapView.swift in Sources */ = {isa = PBXBuildFile; fileRef = 3B03ADB924AADD6E00D57E96 /* MapView.swift */; };
		3B03ADBB24AADD6E00D57E96 /* MapView.swift in Sources */ = {isa = PBXBuildFile; fileRef = 3B03ADB924AADD6E00D57E96 /* MapView.swift */; };
		3B03ADBD24AAE02000D57E96 /* Landmark.swift in Sources */ = {isa = PBXBuildFile; fileRef = 3B03ADBC24AAE02000D57E96 /* Landmark.swift */; };
		3B03ADBE24AAE02000D57E96 /* Landmark.swift in Sources */ = {isa = PBXBuildFile; fileRef = 3B03ADBC24AAE02000D57E96 /* Landmark.swift */; };
		3B03ADC424AAE20F00D57E96 /* Data.swift in Sources */ = {isa = PBXBuildFile; fileRef = 3B03ADC324AAE20F00D57E96 /* Data.swift */; };
		3B03ADC524AAE20F00D57E96 /* Data.swift in Sources */ = {isa = PBXBuildFile; fileRef = 3B03ADC324AAE20F00D57E96 /* Data.swift */; };
		3B03ADC724AAE27600D57E96 /* LandmarkRow.swift in Sources */ = {isa = PBXBuildFile; fileRef = 3B03ADC624AAE27600D57E96 /* LandmarkRow.swift */; };
		3B03ADC824AAE27600D57E96 /* LandmarkRow.swift in Sources */ = {isa = PBXBuildFile; fileRef = 3B03ADC624AAE27600D57E96 /* LandmarkRow.swift */; };
		3B03ADF124AB5EAA00D57E96 /* LandmarkList.swift in Sources */ = {isa = PBXBuildFile; fileRef = 3B03ADF024AB5EAA00D57E96 /* LandmarkList.swift */; };
		3B03ADF224AB5EAA00D57E96 /* LandmarkList.swift in Sources */ = {isa = PBXBuildFile; fileRef = 3B03ADF024AB5EAA00D57E96 /* LandmarkList.swift */; };
		3B1CBC0224ABE60000C2A7B9 /* rainbowlake.jpg in Resources */ = {isa = PBXBuildFile; fileRef = 3B1CBBF524ABE5FF00C2A7B9 /* rainbowlake.jpg */; };
		3B1CBC0324ABE60000C2A7B9 /* hiddenlake.jpg in Resources */ = {isa = PBXBuildFile; fileRef = 3B1CBBF624ABE5FF00C2A7B9 /* hiddenlake.jpg */; };
		3B1CBC0424ABE60000C2A7B9 /* charleyrivers.jpg in Resources */ = {isa = PBXBuildFile; fileRef = 3B1CBBF724ABE5FF00C2A7B9 /* charleyrivers.jpg */; };
		3B1CBC0524ABE60000C2A7B9 /* silversalmoncreek.jpg in Resources */ = {isa = PBXBuildFile; fileRef = 3B1CBBF824ABE5FF00C2A7B9 /* silversalmoncreek.jpg */; };
		3B1CBC0624ABE60000C2A7B9 /* turtlerock.jpg in Resources */ = {isa = PBXBuildFile; fileRef = 3B1CBBF924ABE5FF00C2A7B9 /* turtlerock.jpg */; };
		3B1CBC0724ABE60000C2A7B9 /* landmarkData.json in Resources */ = {isa = PBXBuildFile; fileRef = 3B1CBBFA24ABE5FF00C2A7B9 /* landmarkData.json */; };
		3B1CBC0824ABE60000C2A7B9 /* twinlake.jpg in Resources */ = {isa = PBXBuildFile; fileRef = 3B1CBBFB24ABE5FF00C2A7B9 /* twinlake.jpg */; };
		3B1CBC0924ABE60000C2A7B9 /* stmarylake.jpg in Resources */ = {isa = PBXBuildFile; fileRef = 3B1CBBFC24ABE60000C2A7B9 /* stmarylake.jpg */; };
		3B1CBC0A24ABE60000C2A7B9 /* chincoteague.jpg in Resources */ = {isa = PBXBuildFile; fileRef = 3B1CBBFD24ABE60000C2A7B9 /* chincoteague.jpg */; };
		3B1CBC0B24ABE60000C2A7B9 /* icybay.jpg in Resources */ = {isa = PBXBuildFile; fileRef = 3B1CBBFE24ABE60000C2A7B9 /* icybay.jpg */; };
		3B1CBC0C24ABE60000C2A7B9 /* chilkoottrail.jpg in Resources */ = {isa = PBXBuildFile; fileRef = 3B1CBBFF24ABE60000C2A7B9 /* chilkoottrail.jpg */; };
		3B1CBC0D24ABE60000C2A7B9 /* umbagog.jpg in Resources */ = {isa = PBXBuildFile; fileRef = 3B1CBC0024ABE60000C2A7B9 /* umbagog.jpg */; };
		3B1CBC0E24ABE60000C2A7B9 /* lakemcdonald.jpg in Resources */ = {isa = PBXBuildFile; fileRef = 3B1CBC0124ABE60000C2A7B9 /* lakemcdonald.jpg */; };
		3B1CBC1024ABE89C00C2A7B9 /* UserData.swift in Sources */ = {isa = PBXBuildFile; fileRef = 3B1CBC0F24ABE89C00C2A7B9 /* UserData.swift */; };
/* End PBXBuildFile section */

/* Begin PBXContainerItemProxy section */
		3B03AD9124AADA5700D57E96 /* PBXContainerItemProxy */ = {
			isa = PBXContainerItemProxy;
			containerPortal = 3B03AD7424AADA5600D57E96 /* Project object */;
			proxyType = 1;
			remoteGlobalIDString = 3B03AD7F24AADA5700D57E96;
			remoteInfo = iOS;
		};
		3B03AD9C24AADA5700D57E96 /* PBXContainerItemProxy */ = {
			isa = PBXContainerItemProxy;
			containerPortal = 3B03AD7424AADA5600D57E96 /* Project object */;
			proxyType = 1;
			remoteGlobalIDString = 3B03AD8724AADA5700D57E96;
			remoteInfo = macOS;
		};
/* End PBXContainerItemProxy section */

/* Begin PBXFileReference section */
		3B03AD7924AADA5600D57E96 /* LandmarksApp.swift */ = {isa = PBXFileReference; lastKnownFileType = sourcecode.swift; path = LandmarksApp.swift; sourceTree = "<group>"; };
		3B03AD7A24AADA5600D57E96 /* LandmarkDetail.swift */ = {isa = PBXFileReference; lastKnownFileType = sourcecode.swift; path = LandmarkDetail.swift; sourceTree = "<group>"; };
		3B03AD7B24AADA5700D57E96 /* Assets.xcassets */ = {isa = PBXFileReference; lastKnownFileType = folder.assetcatalog; path = Assets.xcassets; sourceTree = "<group>"; };
		3B03AD8024AADA5700D57E96 /* Landmarks.app */ = {isa = PBXFileReference; explicitFileType = wrapper.application; includeInIndex = 0; path = Landmarks.app; sourceTree = BUILT_PRODUCTS_DIR; };
		3B03AD8324AADA5700D57E96 /* Info.plist */ = {isa = PBXFileReference; lastKnownFileType = text.plist.xml; path = Info.plist; sourceTree = "<group>"; };
		3B03AD8824AADA5700D57E96 /* Landmarks.app */ = {isa = PBXFileReference; explicitFileType = wrapper.application; includeInIndex = 0; path = Landmarks.app; sourceTree = BUILT_PRODUCTS_DIR; };
		3B03AD8A24AADA5700D57E96 /* Info.plist */ = {isa = PBXFileReference; lastKnownFileType = text.plist.xml; path = Info.plist; sourceTree = "<group>"; };
		3B03AD8B24AADA5700D57E96 /* macOS.entitlements */ = {isa = PBXFileReference; lastKnownFileType = text.plist.entitlements; path = macOS.entitlements; sourceTree = "<group>"; };
		3B03AD9024AADA5700D57E96 /* Tests iOS.xctest */ = {isa = PBXFileReference; explicitFileType = wrapper.cfbundle; includeInIndex = 0; path = "Tests iOS.xctest"; sourceTree = BUILT_PRODUCTS_DIR; };
		3B03AD9424AADA5700D57E96 /* Tests_iOS.swift */ = {isa = PBXFileReference; lastKnownFileType = sourcecode.swift; path = Tests_iOS.swift; sourceTree = "<group>"; };
		3B03AD9624AADA5700D57E96 /* Info.plist */ = {isa = PBXFileReference; lastKnownFileType = text.plist.xml; path = Info.plist; sourceTree = "<group>"; };
		3B03AD9B24AADA5700D57E96 /* Tests macOS.xctest */ = {isa = PBXFileReference; explicitFileType = wrapper.cfbundle; includeInIndex = 0; path = "Tests macOS.xctest"; sourceTree = BUILT_PRODUCTS_DIR; };
		3B03AD9F24AADA5700D57E96 /* Tests_macOS.swift */ = {isa = PBXFileReference; lastKnownFileType = sourcecode.swift; path = Tests_macOS.swift; sourceTree = "<group>"; };
		3B03ADA124AADA5700D57E96 /* Info.plist */ = {isa = PBXFileReference; lastKnownFileType = text.plist.xml; path = Info.plist; sourceTree = "<group>"; };
		3B03ADB624AADC6A00D57E96 /* CircleImage.swift */ = {isa = PBXFileReference; lastKnownFileType = sourcecode.swift; path = CircleImage.swift; sourceTree = "<group>"; };
		3B03ADB924AADD6E00D57E96 /* MapView.swift */ = {isa = PBXFileReference; lastKnownFileType = sourcecode.swift; path = MapView.swift; sourceTree = "<group>"; };
		3B03ADBC24AAE02000D57E96 /* Landmark.swift */ = {isa = PBXFileReference; lastKnownFileType = sourcecode.swift; path = Landmark.swift; sourceTree = "<group>"; };
		3B03ADC324AAE20F00D57E96 /* Data.swift */ = {isa = PBXFileReference; fileEncoding = 4; lastKnownFileType = sourcecode.swift; path = Data.swift; sourceTree = "<group>"; };
		3B03ADC624AAE27600D57E96 /* LandmarkRow.swift */ = {isa = PBXFileReference; lastKnownFileType = sourcecode.swift; path = LandmarkRow.swift; sourceTree = "<group>"; };
		3B03ADF024AB5EAA00D57E96 /* LandmarkList.swift */ = {isa = PBXFileReference; lastKnownFileType = sourcecode.swift; path = LandmarkList.swift; sourceTree = "<group>"; };
		3B1CBBF524ABE5FF00C2A7B9 /* rainbowlake.jpg */ = {isa = PBXFileReference; lastKnownFileType = image.jpeg; path = rainbowlake.jpg; sourceTree = "<group>"; };
		3B1CBBF624ABE5FF00C2A7B9 /* hiddenlake.jpg */ = {isa = PBXFileReference; lastKnownFileType = image.jpeg; path = hiddenlake.jpg; sourceTree = "<group>"; };
		3B1CBBF724ABE5FF00C2A7B9 /* charleyrivers.jpg */ = {isa = PBXFileReference; lastKnownFileType = image.jpeg; path = charleyrivers.jpg; sourceTree = "<group>"; };
		3B1CBBF824ABE5FF00C2A7B9 /* silversalmoncreek.jpg */ = {isa = PBXFileReference; lastKnownFileType = image.jpeg; path = silversalmoncreek.jpg; sourceTree = "<group>"; };
		3B1CBBF924ABE5FF00C2A7B9 /* turtlerock.jpg */ = {isa = PBXFileReference; lastKnownFileType = image.jpeg; path = turtlerock.jpg; sourceTree = "<group>"; };
		3B1CBBFA24ABE5FF00C2A7B9 /* landmarkData.json */ = {isa = PBXFileReference; fileEncoding = 4; lastKnownFileType = text.json; path = landmarkData.json; sourceTree = "<group>"; };
		3B1CBBFB24ABE5FF00C2A7B9 /* twinlake.jpg */ = {isa = PBXFileReference; lastKnownFileType = image.jpeg; path = twinlake.jpg; sourceTree = "<group>"; };
		3B1CBBFC24ABE60000C2A7B9 /* stmarylake.jpg */ = {isa = PBXFileReference; lastKnownFileType = image.jpeg; path = stmarylake.jpg; sourceTree = "<group>"; };
		3B1CBBFD24ABE60000C2A7B9 /* chincoteague.jpg */ = {isa = PBXFileReference; lastKnownFileType = image.jpeg; path = chincoteague.jpg; sourceTree = "<group>"; };
		3B1CBBFE24ABE60000C2A7B9 /* icybay.jpg */ = {isa = PBXFileReference; lastKnownFileType = image.jpeg; path = icybay.jpg; sourceTree = "<group>"; };
		3B1CBBFF24ABE60000C2A7B9 /* chilkoottrail.jpg */ = {isa = PBXFileReference; lastKnownFileType = image.jpeg; path = chilkoottrail.jpg; sourceTree = "<group>"; };
		3B1CBC0024ABE60000C2A7B9 /* umbagog.jpg */ = {isa = PBXFileReference; lastKnownFileType = image.jpeg; path = umbagog.jpg; sourceTree = "<group>"; };
		3B1CBC0124ABE60000C2A7B9 /* lakemcdonald.jpg */ = {isa = PBXFileReference; lastKnownFileType = image.jpeg; path = lakemcdonald.jpg; sourceTree = "<group>"; };
		3B1CBC0F24ABE89C00C2A7B9 /* UserData.swift */ = {isa = PBXFileReference; lastKnownFileType = sourcecode.swift; path = UserData.swift; sourceTree = "<group>"; };
/* End PBXFileReference section */

/* Begin PBXFrameworksBuildPhase section */
		3B03AD7D24AADA5700D57E96 /* Frameworks */ = {
			isa = PBXFrameworksBuildPhase;
			buildActionMask = 2147483647;
			files = (
			);
			runOnlyForDeploymentPostprocessing = 0;
		};
		3B03AD8524AADA5700D57E96 /* Frameworks */ = {
			isa = PBXFrameworksBuildPhase;
			buildActionMask = 2147483647;
			files = (
			);
			runOnlyForDeploymentPostprocessing = 0;
		};
		3B03AD8D24AADA5700D57E96 /* Frameworks */ = {
			isa = PBXFrameworksBuildPhase;
			buildActionMask = 2147483647;
			files = (
			);
			runOnlyForDeploymentPostprocessing = 0;
		};
		3B03AD9824AADA5700D57E96 /* Frameworks */ = {
			isa = PBXFrameworksBuildPhase;
			buildActionMask = 2147483647;
			files = (
			);
			runOnlyForDeploymentPostprocessing = 0;
		};
/* End PBXFrameworksBuildPhase section */

/* Begin PBXGroup section */
		3B03AD7324AADA5600D57E96 = {
			isa = PBXGroup;
			children = (
				3B03AD7824AADA5600D57E96 /* Shared */,
				3B03ADBF24AAE15200D57E96 /* Resources */,
				3B03AD8224AADA5700D57E96 /* iOS */,
				3B03AD8924AADA5700D57E96 /* macOS */,
				3B03AD9324AADA5700D57E96 /* Tests iOS */,
				3B03AD9E24AADA5700D57E96 /* Tests macOS */,
				3B03AD8124AADA5700D57E96 /* Products */,
			);
			sourceTree = "<group>";
		};
		3B03AD7824AADA5600D57E96 /* Shared */ = {
			isa = PBXGroup;
			children = (
				3B03AD7924AADA5600D57E96 /* LandmarksApp.swift */,
				3B03AD7A24AADA5600D57E96 /* LandmarkDetail.swift */,
				3B03ADC624AAE27600D57E96 /* LandmarkRow.swift */,
				3B03ADF024AB5EAA00D57E96 /* LandmarkList.swift */,
				3B1CBC0F24ABE89C00C2A7B9 /* UserData.swift */,
				3B03ADBC24AAE02000D57E96 /* Landmark.swift */,
				3B03ADB624AADC6A00D57E96 /* CircleImage.swift */,
				3B03ADC324AAE20F00D57E96 /* Data.swift */,
				3B03ADB924AADD6E00D57E96 /* MapView.swift */,
				3B03AD7B24AADA5700D57E96 /* Assets.xcassets */,
			);
			path = Shared;
			sourceTree = "<group>";
		};
		3B03AD8124AADA5700D57E96 /* Products */ = {
			isa = PBXGroup;
			children = (
				3B03AD8024AADA5700D57E96 /* Landmarks.app */,
				3B03AD8824AADA5700D57E96 /* Landmarks.app */,
				3B03AD9024AADA5700D57E96 /* Tests iOS.xctest */,
				3B03AD9B24AADA5700D57E96 /* Tests macOS.xctest */,
			);
			name = Products;
			sourceTree = "<group>";
		};
		3B03AD8224AADA5700D57E96 /* iOS */ = {
			isa = PBXGroup;
			children = (
				3B03AD8324AADA5700D57E96 /* Info.plist */,
			);
			path = iOS;
			sourceTree = "<group>";
		};
		3B03AD8924AADA5700D57E96 /* macOS */ = {
			isa = PBXGroup;
			children = (
				3B03AD8A24AADA5700D57E96 /* Info.plist */,
				3B03AD8B24AADA5700D57E96 /* macOS.entitlements */,
			);
			path = macOS;
			sourceTree = "<group>";
		};
		3B03AD9324AADA5700D57E96 /* Tests iOS */ = {
			isa = PBXGroup;
			children = (
				3B03AD9424AADA5700D57E96 /* Tests_iOS.swift */,
				3B03AD9624AADA5700D57E96 /* Info.plist */,
			);
			path = "Tests iOS";
			sourceTree = "<group>";
		};
		3B03AD9E24AADA5700D57E96 /* Tests macOS */ = {
			isa = PBXGroup;
			children = (
				3B03AD9F24AADA5700D57E96 /* Tests_macOS.swift */,
				3B03ADA124AADA5700D57E96 /* Info.plist */,
			);
			path = "Tests macOS";
			sourceTree = "<group>";
		};
		3B03ADBF24AAE15200D57E96 /* Resources */ = {
			isa = PBXGroup;
			children = (
				3B1CBBFA24ABE5FF00C2A7B9 /* landmarkData.json */,
				3B1CBBF724ABE5FF00C2A7B9 /* charleyrivers.jpg */,
				3B1CBBFF24ABE60000C2A7B9 /* chilkoottrail.jpg */,
				3B1CBBFD24ABE60000C2A7B9 /* chincoteague.jpg */,
				3B1CBBF624ABE5FF00C2A7B9 /* hiddenlake.jpg */,
				3B1CBBFE24ABE60000C2A7B9 /* icybay.jpg */,
				3B1CBC0124ABE60000C2A7B9 /* lakemcdonald.jpg */,
				3B1CBBF524ABE5FF00C2A7B9 /* rainbowlake.jpg */,
				3B1CBBF824ABE5FF00C2A7B9 /* silversalmoncreek.jpg */,
				3B1CBBFC24ABE60000C2A7B9 /* stmarylake.jpg */,
				3B1CBBF924ABE5FF00C2A7B9 /* turtlerock.jpg */,
				3B1CBBFB24ABE5FF00C2A7B9 /* twinlake.jpg */,
				3B1CBC0024ABE60000C2A7B9 /* umbagog.jpg */,
			);
			path = Resources;
			sourceTree = "<group>";
		};
/* End PBXGroup section */

/* Begin PBXNativeTarget section */
		3B03AD7F24AADA5700D57E96 /* iOS */ = {
			isa = PBXNativeTarget;
			buildConfigurationList = 3B03ADAA24AADA5700D57E96 /* Build configuration list for PBXNativeTarget "iOS" */;
			buildPhases = (
				3B03AD7C24AADA5700D57E96 /* Sources */,
				3B03AD7D24AADA5700D57E96 /* Frameworks */,
				3B03AD7E24AADA5700D57E96 /* Resources */,
			);
			buildRules = (
			);
			dependencies = (
			);
			name = iOS;
			productName = iOS;
			productReference = 3B03AD8024AADA5700D57E96 /* Landmarks.app */;
			productType = "com.apple.product-type.application";
		};
		3B03AD8724AADA5700D57E96 /* macOS */ = {
			isa = PBXNativeTarget;
			buildConfigurationList = 3B03ADAD24AADA5700D57E96 /* Build configuration list for PBXNativeTarget "macOS" */;
			buildPhases = (
				3B03AD8424AADA5700D57E96 /* Sources */,
				3B03AD8524AADA5700D57E96 /* Frameworks */,
				3B03AD8624AADA5700D57E96 /* Resources */,
			);
			buildRules = (
			);
			dependencies = (
			);
			name = macOS;
			productName = macOS;
			productReference = 3B03AD8824AADA5700D57E96 /* Landmarks.app */;
			productType = "com.apple.product-type.application";
		};
		3B03AD8F24AADA5700D57E96 /* Tests iOS */ = {
			isa = PBXNativeTarget;
			buildConfigurationList = 3B03ADB024AADA5700D57E96 /* Build configuration list for PBXNativeTarget "Tests iOS" */;
			buildPhases = (
				3B03AD8C24AADA5700D57E96 /* Sources */,
				3B03AD8D24AADA5700D57E96 /* Frameworks */,
				3B03AD8E24AADA5700D57E96 /* Resources */,
			);
			buildRules = (
			);
			dependencies = (
				3B03AD9224AADA5700D57E96 /* PBXTargetDependency */,
			);
			name = "Tests iOS";
			productName = "Tests iOS";
			productReference = 3B03AD9024AADA5700D57E96 /* Tests iOS.xctest */;
			productType = "com.apple.product-type.bundle.ui-testing";
		};
		3B03AD9A24AADA5700D57E96 /* Tests macOS */ = {
			isa = PBXNativeTarget;
			buildConfigurationList = 3B03ADB324AADA5700D57E96 /* Build configuration list for PBXNativeTarget "Tests macOS" */;
			buildPhases = (
				3B03AD9724AADA5700D57E96 /* Sources */,
				3B03AD9824AADA5700D57E96 /* Frameworks */,
				3B03AD9924AADA5700D57E96 /* Resources */,
			);
			buildRules = (
			);
			dependencies = (
				3B03AD9D24AADA5700D57E96 /* PBXTargetDependency */,
			);
			name = "Tests macOS";
			productName = "Tests macOS";
			productReference = 3B03AD9B24AADA5700D57E96 /* Tests macOS.xctest */;
			productType = "com.apple.product-type.bundle.ui-testing";
		};
/* End PBXNativeTarget section */

/* Begin PBXProject section */
		3B03AD7424AADA5600D57E96 /* Project object */ = {
			isa = PBXProject;
			attributes = {
				LastSwiftUpdateCheck = 1200;
				LastUpgradeCheck = 1200;
				TargetAttributes = {
					3B03AD7F24AADA5700D57E96 = {
						CreatedOnToolsVersion = 12.0;
					};
					3B03AD8724AADA5700D57E96 = {
						CreatedOnToolsVersion = 12.0;
					};
					3B03AD8F24AADA5700D57E96 = {
						CreatedOnToolsVersion = 12.0;
						TestTargetID = 3B03AD7F24AADA5700D57E96;
					};
					3B03AD9A24AADA5700D57E96 = {
						CreatedOnToolsVersion = 12.0;
						TestTargetID = 3B03AD8724AADA5700D57E96;
					};
				};
			};
			buildConfigurationList = 3B03AD7724AADA5600D57E96 /* Build configuration list for PBXProject "Landmarks" */;
			compatibilityVersion = "Xcode 9.3";
			developmentRegion = en;
			hasScannedForEncodings = 0;
			knownRegions = (
				en,
				Base,
			);
			mainGroup = 3B03AD7324AADA5600D57E96;
			productRefGroup = 3B03AD8124AADA5700D57E96 /* Products */;
			projectDirPath = "";
			projectRoot = "";
			targets = (
				3B03AD7F24AADA5700D57E96 /* iOS */,
				3B03AD8724AADA5700D57E96 /* macOS */,
				3B03AD8F24AADA5700D57E96 /* Tests iOS */,
				3B03AD9A24AADA5700D57E96 /* Tests macOS */,
			);
		};
/* End PBXProject section */

/* Begin PBXResourcesBuildPhase section */
		3B03AD7E24AADA5700D57E96 /* Resources */ = {
			isa = PBXResourcesBuildPhase;
			buildActionMask = 2147483647;
			files = (
				3B1CBC0424ABE60000C2A7B9 /* charleyrivers.jpg in Resources */,
				3B03ADA624AADA5700D57E96 /* Assets.xcassets in Resources */,
				3B1CBC0D24ABE60000C2A7B9 /* umbagog.jpg in Resources */,
				3B1CBC0624ABE60000C2A7B9 /* turtlerock.jpg in Resources */,
				3B1CBC0224ABE60000C2A7B9 /* rainbowlake.jpg in Resources */,
				3B1CBC0524ABE60000C2A7B9 /* silversalmoncreek.jpg in Resources */,
				3B1CBC0E24ABE60000C2A7B9 /* lakemcdonald.jpg in Resources */,
				3B1CBC0724ABE60000C2A7B9 /* landmarkData.json in Resources */,
				3B1CBC0C24ABE60000C2A7B9 /* chilkoottrail.jpg in Resources */,
				3B1CBC0924ABE60000C2A7B9 /* stmarylake.jpg in Resources */,
				3B1CBC0A24ABE60000C2A7B9 /* chincoteague.jpg in Resources */,
				3B1CBC0824ABE60000C2A7B9 /* twinlake.jpg in Resources */,
				3B1CBC0324ABE60000C2A7B9 /* hiddenlake.jpg in Resources */,
				3B1CBC0B24ABE60000C2A7B9 /* icybay.jpg in Resources */,
			);
			runOnlyForDeploymentPostprocessing = 0;
		};
		3B03AD8624AADA5700D57E96 /* Resources */ = {
			isa = PBXResourcesBuildPhase;
			buildActionMask = 2147483647;
			files = (
				3B03ADA724AADA5700D57E96 /* Assets.xcassets in Resources */,
			);
			runOnlyForDeploymentPostprocessing = 0;
		};
		3B03AD8E24AADA5700D57E96 /* Resources */ = {
			isa = PBXResourcesBuildPhase;
			buildActionMask = 2147483647;
			files = (
			);
			runOnlyForDeploymentPostprocessing = 0;
		};
		3B03AD9924AADA5700D57E96 /* Resources */ = {
			isa = PBXResourcesBuildPhase;
			buildActionMask = 2147483647;
			files = (
			);
			runOnlyForDeploymentPostprocessing = 0;
		};
/* End PBXResourcesBuildPhase section */

/* Begin PBXSourcesBuildPhase section */
		3B03AD7C24AADA5700D57E96 /* Sources */ = {
			isa = PBXSourcesBuildPhase;
			buildActionMask = 2147483647;
			files = (
				3B03ADA424AADA5700D57E96 /* LandmarkDetail.swift in Sources */,
				3B03ADC424AAE20F00D57E96 /* Data.swift in Sources */,
				3B03ADBA24AADD6E00D57E96 /* MapView.swift in Sources */,
				3B1CBC1024ABE89C00C2A7B9 /* UserData.swift in Sources */,
				3B03ADF124AB5EAA00D57E96 /* LandmarkList.swift in Sources */,
				3B03ADA224AADA5700D57E96 /* LandmarksApp.swift in Sources */,
				3B03ADB724AADC6A00D57E96 /* CircleImage.swift in Sources */,
				3B03ADC724AAE27600D57E96 /* LandmarkRow.swift in Sources */,
				3B03ADBD24AAE02000D57E96 /* Landmark.swift in Sources */,
			);
			runOnlyForDeploymentPostprocessing = 0;
		};
		3B03AD8424AADA5700D57E96 /* Sources */ = {
			isa = PBXSourcesBuildPhase;
			buildActionMask = 2147483647;
			files = (
				3B03ADA524AADA5700D57E96 /* LandmarkDetail.swift in Sources */,
				3B03ADC524AAE20F00D57E96 /* Data.swift in Sources */,
				3B03ADBB24AADD6E00D57E96 /* MapView.swift in Sources */,
				3B03ADF224AB5EAA00D57E96 /* LandmarkList.swift in Sources */,
				3B03ADA324AADA5700D57E96 /* LandmarksApp.swift in Sources */,
				3B03ADB824AADC6A00D57E96 /* CircleImage.swift in Sources */,
				3B03ADC824AAE27600D57E96 /* LandmarkRow.swift in Sources */,
				3B03ADBE24AAE02000D57E96 /* Landmark.swift in Sources */,
			);
			runOnlyForDeploymentPostprocessing = 0;
		};
		3B03AD8C24AADA5700D57E96 /* Sources */ = {
			isa = PBXSourcesBuildPhase;
			buildActionMask = 2147483647;
			files = (
				3B03AD9524AADA5700D57E96 /* Tests_iOS.swift in Sources */,
			);
			runOnlyForDeploymentPostprocessing = 0;
		};
		3B03AD9724AADA5700D57E96 /* Sources */ = {
			isa = PBXSourcesBuildPhase;
			buildActionMask = 2147483647;
			files = (
				3B03ADA024AADA5700D57E96 /* Tests_macOS.swift in Sources */,
			);
			runOnlyForDeploymentPostprocessing = 0;
		};
/* End PBXSourcesBuildPhase section */

/* Begin PBXTargetDependency section */
		3B03AD9224AADA5700D57E96 /* PBXTargetDependency */ = {
			isa = PBXTargetDependency;
			target = 3B03AD7F24AADA5700D57E96 /* iOS */;
			targetProxy = 3B03AD9124AADA5700D57E96 /* PBXContainerItemProxy */;
		};
		3B03AD9D24AADA5700D57E96 /* PBXTargetDependency */ = {
			isa = PBXTargetDependency;
			target = 3B03AD8724AADA5700D57E96 /* macOS */;
			targetProxy = 3B03AD9C24AADA5700D57E96 /* PBXContainerItemProxy */;
		};
/* End PBXTargetDependency section */

/* Begin XCBuildConfiguration section */
		3B03ADA824AADA5700D57E96 /* Debug */ = {
			isa = XCBuildConfiguration;
			buildSettings = {
				ALWAYS_SEARCH_USER_PATHS = NO;
				CLANG_ANALYZER_NONNULL = YES;
				CLANG_ANALYZER_NUMBER_OBJECT_CONVERSION = YES_AGGRESSIVE;
				CLANG_CXX_LANGUAGE_STANDARD = "gnu++14";
				CLANG_CXX_LIBRARY = "libc++";
				CLANG_ENABLE_MODULES = YES;
				CLANG_ENABLE_OBJC_ARC = YES;
				CLANG_ENABLE_OBJC_WEAK = YES;
				CLANG_WARN_BLOCK_CAPTURE_AUTORELEASING = YES;
				CLANG_WARN_BOOL_CONVERSION = YES;
				CLANG_WARN_COMMA = YES;
				CLANG_WARN_CONSTANT_CONVERSION = YES;
				CLANG_WARN_DEPRECATED_OBJC_IMPLEMENTATIONS = YES;
				CLANG_WARN_DIRECT_OBJC_ISA_USAGE = YES_ERROR;
				CLANG_WARN_DOCUMENTATION_COMMENTS = YES;
				CLANG_WARN_EMPTY_BODY = YES;
				CLANG_WARN_ENUM_CONVERSION = YES;
				CLANG_WARN_INFINITE_RECURSION = YES;
				CLANG_WARN_INT_CONVERSION = YES;
				CLANG_WARN_NON_LITERAL_NULL_CONVERSION = YES;
				CLANG_WARN_OBJC_IMPLICIT_RETAIN_SELF = YES;
				CLANG_WARN_OBJC_LITERAL_CONVERSION = YES;
				CLANG_WARN_OBJC_ROOT_CLASS = YES_ERROR;
				CLANG_WARN_QUOTED_INCLUDE_IN_FRAMEWORK_HEADER = YES;
				CLANG_WARN_RANGE_LOOP_ANALYSIS = YES;
				CLANG_WARN_STRICT_PROTOTYPES = YES;
				CLANG_WARN_SUSPICIOUS_MOVE = YES;
				CLANG_WARN_UNGUARDED_AVAILABILITY = YES_AGGRESSIVE;
				CLANG_WARN_UNREACHABLE_CODE = YES;
				CLANG_WARN__DUPLICATE_METHOD_MATCH = YES;
				COPY_PHASE_STRIP = NO;
				DEBUG_INFORMATION_FORMAT = dwarf;
				ENABLE_STRICT_OBJC_MSGSEND = YES;
				ENABLE_TESTABILITY = YES;
				GCC_C_LANGUAGE_STANDARD = gnu11;
				GCC_DYNAMIC_NO_PIC = NO;
				GCC_NO_COMMON_BLOCKS = YES;
				GCC_OPTIMIZATION_LEVEL = 0;
				GCC_PREPROCESSOR_DEFINITIONS = (
					"DEBUG=1",
					"$(inherited)",
				);
				GCC_WARN_64_TO_32_BIT_CONVERSION = YES;
				GCC_WARN_ABOUT_RETURN_TYPE = YES_ERROR;
				GCC_WARN_UNDECLARED_SELECTOR = YES;
				GCC_WARN_UNINITIALIZED_AUTOS = YES_AGGRESSIVE;
				GCC_WARN_UNUSED_FUNCTION = YES;
				GCC_WARN_UNUSED_VARIABLE = YES;
				MTL_ENABLE_DEBUG_INFO = INCLUDE_SOURCE;
				MTL_FAST_MATH = YES;
				ONLY_ACTIVE_ARCH = YES;
				SWIFT_ACTIVE_COMPILATION_CONDITIONS = DEBUG;
				SWIFT_OPTIMIZATION_LEVEL = "-Onone";
			};
			name = Debug;
		};
		3B03ADA924AADA5700D57E96 /* Release */ = {
			isa = XCBuildConfiguration;
			buildSettings = {
				ALWAYS_SEARCH_USER_PATHS = NO;
				CLANG_ANALYZER_NONNULL = YES;
				CLANG_ANALYZER_NUMBER_OBJECT_CONVERSION = YES_AGGRESSIVE;
				CLANG_CXX_LANGUAGE_STANDARD = "gnu++14";
				CLANG_CXX_LIBRARY = "libc++";
				CLANG_ENABLE_MODULES = YES;
				CLANG_ENABLE_OBJC_ARC = YES;
				CLANG_ENABLE_OBJC_WEAK = YES;
				CLANG_WARN_BLOCK_CAPTURE_AUTORELEASING = YES;
				CLANG_WARN_BOOL_CONVERSION = YES;
				CLANG_WARN_COMMA = YES;
				CLANG_WARN_CONSTANT_CONVERSION = YES;
				CLANG_WARN_DEPRECATED_OBJC_IMPLEMENTATIONS = YES;
				CLANG_WARN_DIRECT_OBJC_ISA_USAGE = YES_ERROR;
				CLANG_WARN_DOCUMENTATION_COMMENTS = YES;
				CLANG_WARN_EMPTY_BODY = YES;
				CLANG_WARN_ENUM_CONVERSION = YES;
				CLANG_WARN_INFINITE_RECURSION = YES;
				CLANG_WARN_INT_CONVERSION = YES;
				CLANG_WARN_NON_LITERAL_NULL_CONVERSION = YES;
				CLANG_WARN_OBJC_IMPLICIT_RETAIN_SELF = YES;
				CLANG_WARN_OBJC_LITERAL_CONVERSION = YES;
				CLANG_WARN_OBJC_ROOT_CLASS = YES_ERROR;
				CLANG_WARN_QUOTED_INCLUDE_IN_FRAMEWORK_HEADER = YES;
				CLANG_WARN_RANGE_LOOP_ANALYSIS = YES;
				CLANG_WARN_STRICT_PROTOTYPES = YES;
				CLANG_WARN_SUSPICIOUS_MOVE = YES;
				CLANG_WARN_UNGUARDED_AVAILABILITY = YES_AGGRESSIVE;
				CLANG_WARN_UNREACHABLE_CODE = YES;
				CLANG_WARN__DUPLICATE_METHOD_MATCH = YES;
				COPY_PHASE_STRIP = NO;
				DEBUG_INFORMATION_FORMAT = "dwarf-with-dsym";
				ENABLE_NS_ASSERTIONS = NO;
				ENABLE_STRICT_OBJC_MSGSEND = YES;
				GCC_C_LANGUAGE_STANDARD = gnu11;
				GCC_NO_COMMON_BLOCKS = YES;
				GCC_WARN_64_TO_32_BIT_CONVERSION = YES;
				GCC_WARN_ABOUT_RETURN_TYPE = YES_ERROR;
				GCC_WARN_UNDECLARED_SELECTOR = YES;
				GCC_WARN_UNINITIALIZED_AUTOS = YES_AGGRESSIVE;
				GCC_WARN_UNUSED_FUNCTION = YES;
				GCC_WARN_UNUSED_VARIABLE = YES;
				MTL_ENABLE_DEBUG_INFO = NO;
				MTL_FAST_MATH = YES;
				SWIFT_COMPILATION_MODE = wholemodule;
				SWIFT_OPTIMIZATION_LEVEL = "-O";
			};
			name = Release;
		};
		3B03ADAB24AADA5700D57E96 /* Debug */ = {
			isa = XCBuildConfiguration;
			buildSettings = {
				ASSETCATALOG_COMPILER_APPICON_NAME = AppIcon;
				ASSETCATALOG_COMPILER_GLOBAL_ACCENT_COLOR_NAME = AccentColor;
				CODE_SIGN_STYLE = Automatic;
				DEVELOPMENT_TEAM = AY2C4LBCYP;
				ENABLE_PREVIEWS = YES;
				INFOPLIST_FILE = iOS/Info.plist;
				IPHONEOS_DEPLOYMENT_TARGET = 14.0;
				LD_RUNPATH_SEARCH_PATHS = (
					"$(inherited)",
					"@executable_path/Frameworks",
				);
				PRODUCT_BUNDLE_IDENTIFIER = com.birdhouse.Landmarks;
				PRODUCT_NAME = Landmarks;
				SDKROOT = iphoneos;
				SWIFT_VERSION = 5.0;
				TARGETED_DEVICE_FAMILY = "1,2";
			};
			name = Debug;
		};
		3B03ADAC24AADA5700D57E96 /* Release */ = {
			isa = XCBuildConfiguration;
			buildSettings = {
				ASSETCATALOG_COMPILER_APPICON_NAME = AppIcon;
				ASSETCATALOG_COMPILER_GLOBAL_ACCENT_COLOR_NAME = AccentColor;
				CODE_SIGN_STYLE = Automatic;
				DEVELOPMENT_TEAM = AY2C4LBCYP;
				ENABLE_PREVIEWS = YES;
				INFOPLIST_FILE = iOS/Info.plist;
				IPHONEOS_DEPLOYMENT_TARGET = 14.0;
				LD_RUNPATH_SEARCH_PATHS = (
					"$(inherited)",
					"@executable_path/Frameworks",
				);
				PRODUCT_BUNDLE_IDENTIFIER = com.birdhouse.Landmarks;
				PRODUCT_NAME = Landmarks;
				SDKROOT = iphoneos;
				SWIFT_VERSION = 5.0;
				TARGETED_DEVICE_FAMILY = "1,2";
				VALIDATE_PRODUCT = YES;
			};
			name = Release;
		};
		3B03ADAE24AADA5700D57E96 /* Debug */ = {
			isa = XCBuildConfiguration;
			buildSettings = {
				ASSETCATALOG_COMPILER_APPICON_NAME = AppIcon;
				ASSETCATALOG_COMPILER_GLOBAL_ACCENT_COLOR_NAME = AccentColor;
				CODE_SIGN_ENTITLEMENTS = macOS/macOS.entitlements;
				CODE_SIGN_STYLE = Automatic;
				COMBINE_HIDPI_IMAGES = YES;
				DEVELOPMENT_TEAM = AY2C4LBCYP;
				ENABLE_HARDENED_RUNTIME = YES;
				ENABLE_PREVIEWS = YES;
				INFOPLIST_FILE = macOS/Info.plist;
				LD_RUNPATH_SEARCH_PATHS = (
					"$(inherited)",
					"@executable_path/../Frameworks",
				);
				MACOSX_DEPLOYMENT_TARGET = 10.16;
				PRODUCT_BUNDLE_IDENTIFIER = com.birdhouse.Landmarks;
				PRODUCT_NAME = Landmarks;
				SDKROOT = macosx;
				SWIFT_VERSION = 5.0;
			};
			name = Debug;
		};
		3B03ADAF24AADA5700D57E96 /* Release */ = {
			isa = XCBuildConfiguration;
			buildSettings = {
				ASSETCATALOG_COMPILER_APPICON_NAME = AppIcon;
				ASSETCATALOG_COMPILER_GLOBAL_ACCENT_COLOR_NAME = AccentColor;
				CODE_SIGN_ENTITLEMENTS = macOS/macOS.entitlements;
				CODE_SIGN_STYLE = Automatic;
				COMBINE_HIDPI_IMAGES = YES;
				DEVELOPMENT_TEAM = AY2C4LBCYP;
				ENABLE_HARDENED_RUNTIME = YES;
				ENABLE_PREVIEWS = YES;
				INFOPLIST_FILE = macOS/Info.plist;
				LD_RUNPATH_SEARCH_PATHS = (
					"$(inherited)",
					"@executable_path/../Frameworks",
				);
				MACOSX_DEPLOYMENT_TARGET = 10.16;
				PRODUCT_BUNDLE_IDENTIFIER = com.birdhouse.Landmarks;
				PRODUCT_NAME = Landmarks;
				SDKROOT = macosx;
				SWIFT_VERSION = 5.0;
			};
			name = Release;
		};
		3B03ADB124AADA5700D57E96 /* Debug */ = {
			isa = XCBuildConfiguration;
			buildSettings = {
				ALWAYS_EMBED_SWIFT_STANDARD_LIBRARIES = YES;
				CODE_SIGN_STYLE = Automatic;
				DEVELOPMENT_TEAM = AY2C4LBCYP;
				INFOPLIST_FILE = "Tests iOS/Info.plist";
				IPHONEOS_DEPLOYMENT_TARGET = 14.0;
				LD_RUNPATH_SEARCH_PATHS = (
					"$(inherited)",
					"@executable_path/Frameworks",
					"@loader_path/Frameworks",
				);
				PRODUCT_BUNDLE_IDENTIFIER = "com.birdhouse.Tests-iOS";
				PRODUCT_NAME = "$(TARGET_NAME)";
				SDKROOT = iphoneos;
				SWIFT_VERSION = 5.0;
				TARGETED_DEVICE_FAMILY = "1,2";
				TEST_TARGET_NAME = iOS;
			};
			name = Debug;
		};
		3B03ADB224AADA5700D57E96 /* Release */ = {
			isa = XCBuildConfiguration;
			buildSettings = {
				ALWAYS_EMBED_SWIFT_STANDARD_LIBRARIES = YES;
				CODE_SIGN_STYLE = Automatic;
				DEVELOPMENT_TEAM = AY2C4LBCYP;
				INFOPLIST_FILE = "Tests iOS/Info.plist";
				IPHONEOS_DEPLOYMENT_TARGET = 14.0;
				LD_RUNPATH_SEARCH_PATHS = (
					"$(inherited)",
					"@executable_path/Frameworks",
					"@loader_path/Frameworks",
				);
				PRODUCT_BUNDLE_IDENTIFIER = "com.birdhouse.Tests-iOS";
				PRODUCT_NAME = "$(TARGET_NAME)";
				SDKROOT = iphoneos;
				SWIFT_VERSION = 5.0;
				TARGETED_DEVICE_FAMILY = "1,2";
				TEST_TARGET_NAME = iOS;
				VALIDATE_PRODUCT = YES;
			};
			name = Release;
		};
		3B03ADB424AADA5700D57E96 /* Debug */ = {
			isa = XCBuildConfiguration;
			buildSettings = {
				ALWAYS_EMBED_SWIFT_STANDARD_LIBRARIES = YES;
				CODE_SIGN_STYLE = Automatic;
				COMBINE_HIDPI_IMAGES = YES;
				DEVELOPMENT_TEAM = AY2C4LBCYP;
				INFOPLIST_FILE = "Tests macOS/Info.plist";
				LD_RUNPATH_SEARCH_PATHS = (
					"$(inherited)",
					"@executable_path/../Frameworks",
					"@loader_path/../Frameworks",
				);
				MACOSX_DEPLOYMENT_TARGET = 10.15;
				PRODUCT_BUNDLE_IDENTIFIER = "com.birdhouse.Tests-macOS";
				PRODUCT_NAME = "$(TARGET_NAME)";
				SDKROOT = macosx;
				SWIFT_VERSION = 5.0;
				TEST_TARGET_NAME = macOS;
			};
			name = Debug;
		};
		3B03ADB524AADA5700D57E96 /* Release */ = {
			isa = XCBuildConfiguration;
			buildSettings = {
				ALWAYS_EMBED_SWIFT_STANDARD_LIBRARIES = YES;
				CODE_SIGN_STYLE = Automatic;
				COMBINE_HIDPI_IMAGES = YES;
				DEVELOPMENT_TEAM = AY2C4LBCYP;
				INFOPLIST_FILE = "Tests macOS/Info.plist";
				LD_RUNPATH_SEARCH_PATHS = (
					"$(inherited)",
					"@executable_path/../Frameworks",
					"@loader_path/../Frameworks",
				);
				MACOSX_DEPLOYMENT_TARGET = 10.15;
				PRODUCT_BUNDLE_IDENTIFIER = "com.birdhouse.Tests-macOS";
				PRODUCT_NAME = "$(TARGET_NAME)";
				SDKROOT = macosx;
				SWIFT_VERSION = 5.0;
				TEST_TARGET_NAME = macOS;
			};
			name = Release;
		};
/* End XCBuildConfiguration section */

/* Begin XCConfigurationList section */
		3B03AD7724AADA5600D57E96 /* Build configuration list for PBXProject "Landmarks" */ = {
			isa = XCConfigurationList;
			buildConfigurations = (
				3B03ADA824AADA5700D57E96 /* Debug */,
				3B03ADA924AADA5700D57E96 /* Release */,
			);
			defaultConfigurationIsVisible = 0;
			defaultConfigurationName = Release;
		};
		3B03ADAA24AADA5700D57E96 /* Build configuration list for PBXNativeTarget "iOS" */ = {
			isa = XCConfigurationList;
			buildConfigurations = (
				3B03ADAB24AADA5700D57E96 /* Debug */,
				3B03ADAC24AADA5700D57E96 /* Release */,
			);
			defaultConfigurationIsVisible = 0;
			defaultConfigurationName = Release;
		};
		3B03ADAD24AADA5700D57E96 /* Build configuration list for PBXNativeTarget "macOS" */ = {
			isa = XCConfigurationList;
			buildConfigurations = (
				3B03ADAE24AADA5700D57E96 /* Debug */,
				3B03ADAF24AADA5700D57E96 /* Release */,
			);
			defaultConfigurationIsVisible = 0;
			defaultConfigurationName = Release;
		};
		3B03ADB024AADA5700D57E96 /* Build configuration list for PBXNativeTarget "Tests iOS" */ = {
			isa = XCConfigurationList;
			buildConfigurations = (
				3B03ADB124AADA5700D57E96 /* Debug */,
				3B03ADB224AADA5700D57E96 /* Release */,
			);
			defaultConfigurationIsVisible = 0;
			defaultConfigurationName = Release;
		};
		3B03ADB324AADA5700D57E96 /* Build configuration list for PBXNativeTarget "Tests macOS" */ = {
			isa = XCConfigurationList;
			buildConfigurations = (
				3B03ADB424AADA5700D57E96 /* Debug */,
				3B03ADB524AADA5700D57E96 /* Release */,
			);
			defaultConfigurationIsVisible = 0;
			defaultConfigurationName = Release;
		};
/* End XCConfigurationList section */
	};
	rootObject = 3B03AD7424AADA5600D57E96 /* Project object */;
}
